
Microsoft Visual Studio Solution File, Format Version 12.00
# Visual Studio Version 17
VisualStudioVersion = 17.8.34322.80
MinimumVisualStudioVersion = 10.0.40219.1
Project("{FAE04EC0-301F-11D3-BF4B-00C04F79EFBC}") = "Thread_26", "Thread_26\Thread_26.csproj", "{723C7881-C819-41D0-994C-FF4DC7AAE554}"
EndProject
Global
	GlobalSection(SolutionConfigurationPlatforms) = preSolution
		Debug|Any CPU = Debug|Any CPU
		Release|Any CPU = Release|Any CPU
	EndGlobalSection
	GlobalSection(ProjectConfigurationPlatforms) = postSolution
		{723C7881-C819-41D0-994C-FF4DC7AAE554}.Debug|Any CPU.ActiveCfg = Debug|Any CPU
		{723C7881-C819-41D0-994C-FF4DC7AAE554}.Debug|Any CPU.Build.0 = Debug|Any CPU
		{723C7881-C819-41D0-994C-FF4DC7AAE554}.Release|Any CPU.ActiveCfg = Release|Any CPU
		{723C7881-C819-41D0-994C-FF4DC7AAE554}.Release|Any CPU.Build.0 = Release|Any CPU
	EndGlobalSection
	GlobalSection(SolutionProperties) = preSolution
		HideSolutionNode = FALSE
	EndGlobalSection
EndGlobal
